// !$*UTF8*$!
{
	archiveVersion = 1;
	classes = {
	};
	objectVersion = 46;
	objects = {

/* Begin PBXBuildFile section */
		3AFCCEF618B699F700A7FC29 /* Foundation.framework in Frameworks */ = {isa = PBXBuildFile; fileRef = 3AFCCEF518B699F700A7FC29 /* Foundation.framework */; };
		3AFCCF0418B699F700A7FC29 /* XCTest.framework in Frameworks */ = {isa = PBXBuildFile; fileRef = 3AFCCF0318B699F700A7FC29 /* XCTest.framework */; };
		3AFCCF0518B699F700A7FC29 /* Foundation.framework in Frameworks */ = {isa = PBXBuildFile; fileRef = 3AFCCEF518B699F700A7FC29 /* Foundation.framework */; };
		3AFCCF0A18B699F700A7FC29 /* libjumpCore.a in Frameworks */ = {isa = PBXBuildFile; fileRef = 3AFCCEF418B699F700A7FC29 /* libjumpCore.a */; };
		3AFCCF2F18B69B9500A7FC29 /* deps in Resources */ = {isa = PBXBuildFile; fileRef = 3AFCCF2518B69B9500A7FC29 /* deps */; };
		3AFCCF3018B69B9500A7FC29 /* JPPathFunctions.m in Sources */ = {isa = PBXBuildFile; fileRef = 3AFCCF2C18B69B9500A7FC29 /* JPPathFunctions.m */; };
		3AFCCF3118B69B9500A7FC29 /* JPPathFunctions.m in Sources */ = {isa = PBXBuildFile; fileRef = 3AFCCF2C18B69B9500A7FC29 /* JPPathFunctions.m */; };
		3AFCCF3818B69C6300A7FC29 /* Foundation.framework in Frameworks */ = {isa = PBXBuildFile; fileRef = 3AFCCEF518B699F700A7FC29 /* Foundation.framework */; };
		3AFCCF4518B69C6300A7FC29 /* XCTest.framework in Frameworks */ = {isa = PBXBuildFile; fileRef = 3AFCCF0318B699F700A7FC29 /* XCTest.framework */; };
		3AFCCF4618B69C6300A7FC29 /* Foundation.framework in Frameworks */ = {isa = PBXBuildFile; fileRef = 3AFCCEF518B699F700A7FC29 /* Foundation.framework */; };
		3AFCCF4A18B69C6300A7FC29 /* libjumpDatabase.a in Frameworks */ = {isa = PBXBuildFile; fileRef = 3AFCCF3718B69C6300A7FC29 /* libjumpDatabase.a */; };
		3AFCCF5B18B69D7F00A7FC29 /* deps in Resources */ = {isa = PBXBuildFile; fileRef = 3AFCCF5A18B69D7F00A7FC29 /* deps */; };
		3AFCCF5D18B69D9C00A7FC29 /* CoreData.framework in Frameworks */ = {isa = PBXBuildFile; fileRef = 3AFCCF5C18B69D9C00A7FC29 /* CoreData.framework */; };
		3AFCCF6518B69DD600A7FC29 /* JPDBManager.m in Sources */ = {isa = PBXBuildFile; fileRef = 3AFCCF5F18B69DD600A7FC29 /* JPDBManager.m */; };
		3AFCCF6618B69DD600A7FC29 /* JPDBManager.m in Sources */ = {isa = PBXBuildFile; fileRef = 3AFCCF5F18B69DD600A7FC29 /* JPDBManager.m */; };
		3AFCCF6718B69DD600A7FC29 /* JPDBManagerAction.m in Sources */ = {isa = PBXBuildFile; fileRef = 3AFCCF6118B69DD600A7FC29 /* JPDBManagerAction.m */; };
		3AFCCF6818B69DD600A7FC29 /* JPDBManagerAction.m in Sources */ = {isa = PBXBuildFile; fileRef = 3AFCCF6118B69DD600A7FC29 /* JPDBManagerAction.m */; };
		3AFCCF6918B69DD600A7FC29 /* JPDBManagerSingleton.m in Sources */ = {isa = PBXBuildFile; fileRef = 3AFCCF6418B69DD600A7FC29 /* JPDBManagerSingleton.m */; };
		3AFCCF6A18B69DD600A7FC29 /* JPDBManagerSingleton.m in Sources */ = {isa = PBXBuildFile; fileRef = 3AFCCF6418B69DD600A7FC29 /* JPDBManagerSingleton.m */; };
		3AFCCF7018B69F6B00A7FC29 /* IAThreadSafeContext.m in Sources */ = {isa = PBXBuildFile; fileRef = 3AFCCF6D18B69F6B00A7FC29 /* IAThreadSafeContext.m */; };
		3AFCCF7118B69F6B00A7FC29 /* IAThreadSafeContext.m in Sources */ = {isa = PBXBuildFile; fileRef = 3AFCCF6D18B69F6B00A7FC29 /* IAThreadSafeContext.m */; };
		3AFCCF7218B69F6B00A7FC29 /* IAThreadSafeManagedObject.m in Sources */ = {isa = PBXBuildFile; fileRef = 3AFCCF6F18B69F6B00A7FC29 /* IAThreadSafeManagedObject.m */; };
		3AFCCF7318B69F6B00A7FC29 /* IAThreadSafeManagedObject.m in Sources */ = {isa = PBXBuildFile; fileRef = 3AFCCF6F18B69F6B00A7FC29 /* IAThreadSafeManagedObject.m */; };
		3AFCCF7D18B6A06F00A7FC29 /* Foundation.framework in Frameworks */ = {isa = PBXBuildFile; fileRef = 3AFCCEF518B699F700A7FC29 /* Foundation.framework */; };
		3AFCCF8A18B6A07000A7FC29 /* XCTest.framework in Frameworks */ = {isa = PBXBuildFile; fileRef = 3AFCCF0318B699F700A7FC29 /* XCTest.framework */; };
		3AFCCF8B18B6A07000A7FC29 /* Foundation.framework in Frameworks */ = {isa = PBXBuildFile; fileRef = 3AFCCEF518B699F700A7FC29 /* Foundation.framework */; };
		3AFCCF8F18B6A07000A7FC29 /* libjumpLogger.a in Frameworks */ = {isa = PBXBuildFile; fileRef = 3AFCCF7C18B6A06F00A7FC29 /* libjumpLogger.a */; };
		3AFCCFA018B6A0F000A7FC29 /* SystemConfiguration.framework in Frameworks */ = {isa = PBXBuildFile; fileRef = 3AFCCF9F18B6A0F000A7FC29 /* SystemConfiguration.framework */; };
		3AFCCFA218B6A0FB00A7FC29 /* UIKit.framework in Frameworks */ = {isa = PBXBuildFile; fileRef = 3AFCCFA118B6A0FB00A7FC29 /* UIKit.framework */; };
		3AFCCFA418B6A10400A7FC29 /* CFNetwork.framework in Frameworks */ = {isa = PBXBuildFile; fileRef = 3AFCCFA318B6A10400A7FC29 /* CFNetwork.framework */; };
		3AFCCFBC18B6A15B00A7FC29 /* JPLog4CocoaFactory.m in Sources */ = {isa = PBXBuildFile; fileRef = 3AFCCFA818B6A15B00A7FC29 /* JPLog4CocoaFactory.m */; };
		3AFCCFBD18B6A15B00A7FC29 /* JPLog4CocoaFactory.m in Sources */ = {isa = PBXBuildFile; fileRef = 3AFCCFA818B6A15B00A7FC29 /* JPLog4CocoaFactory.m */; };
		3AFCCFBE18B6A15B00A7FC29 /* JPLog4CocoaLogger.m in Sources */ = {isa = PBXBuildFile; fileRef = 3AFCCFAA18B6A15B00A7FC29 /* JPLog4CocoaLogger.m */; };
		3AFCCFBF18B6A15B00A7FC29 /* JPLog4CocoaLogger.m in Sources */ = {isa = PBXBuildFile; fileRef = 3AFCCFAA18B6A15B00A7FC29 /* JPLog4CocoaLogger.m */; };
		3AFCCFC018B6A15B00A7FC29 /* JPLoggerAbstractFactory.m in Sources */ = {isa = PBXBuildFile; fileRef = 3AFCCFAD18B6A15B00A7FC29 /* JPLoggerAbstractFactory.m */; };
		3AFCCFC118B6A15B00A7FC29 /* JPLoggerAbstractFactory.m in Sources */ = {isa = PBXBuildFile; fileRef = 3AFCCFAD18B6A15B00A7FC29 /* JPLoggerAbstractFactory.m */; };
		3AFCCFC218B6A15B00A7FC29 /* JPLoggerMetadata.m in Sources */ = {isa = PBXBuildFile; fileRef = 3AFCCFB118B6A15B00A7FC29 /* JPLoggerMetadata.m */; };
		3AFCCFC318B6A15B00A7FC29 /* JPLoggerMetadata.m in Sources */ = {isa = PBXBuildFile; fileRef = 3AFCCFB118B6A15B00A7FC29 /* JPLoggerMetadata.m */; };
		3AFCCFC418B6A15B00A7FC29 /* JPLoggerShortcuts.m in Sources */ = {isa = PBXBuildFile; fileRef = 3AFCCFB318B6A15B00A7FC29 /* JPLoggerShortcuts.m */; };
		3AFCCFC518B6A15B00A7FC29 /* JPLoggerShortcuts.m in Sources */ = {isa = PBXBuildFile; fileRef = 3AFCCFB318B6A15B00A7FC29 /* JPLoggerShortcuts.m */; };
		3AFCCFC618B6A15B00A7FC29 /* JPLogNSLogLogger.m in Sources */ = {isa = PBXBuildFile; fileRef = 3AFCCFB518B6A15B00A7FC29 /* JPLogNSLogLogger.m */; };
		3AFCCFC718B6A15B00A7FC29 /* JPLogNSLogLogger.m in Sources */ = {isa = PBXBuildFile; fileRef = 3AFCCFB518B6A15B00A7FC29 /* JPLogNSLogLogger.m */; };
		3AFCCFC818B6A15B00A7FC29 /* JPNSLogFactory.m in Sources */ = {isa = PBXBuildFile; fileRef = 3AFCCFB718B6A15B00A7FC29 /* JPNSLogFactory.m */; };
		3AFCCFC918B6A15B00A7FC29 /* JPNSLogFactory.m in Sources */ = {isa = PBXBuildFile; fileRef = 3AFCCFB718B6A15B00A7FC29 /* JPNSLogFactory.m */; };
		3AFCCFCA18B6A15B00A7FC29 /* JUMPLoggerConfig.m in Sources */ = {isa = PBXBuildFile; fileRef = 3AFCCFB918B6A15B00A7FC29 /* JUMPLoggerConfig.m */; };
		3AFCCFCB18B6A15B00A7FC29 /* JUMPLoggerConfig.m in Sources */ = {isa = PBXBuildFile; fileRef = 3AFCCFB918B6A15B00A7FC29 /* JUMPLoggerConfig.m */; };
		3AFCCFCC18B6A15B00A7FC29 /* L4NSLoggerAppender.m in Sources */ = {isa = PBXBuildFile; fileRef = 3AFCCFBB18B6A15B00A7FC29 /* L4NSLoggerAppender.m */; };
		3AFCCFCD18B6A15B00A7FC29 /* L4NSLoggerAppender.m in Sources */ = {isa = PBXBuildFile; fileRef = 3AFCCFBB18B6A15B00A7FC29 /* L4NSLoggerAppender.m */; };
/* End PBXBuildFile section */

/* Begin PBXContainerItemProxy section */
		3AFCCF0818B699F700A7FC29 /* PBXContainerItemProxy */ = {
			isa = PBXContainerItemProxy;
			containerPortal = 3AFCCEB518B6970100A7FC29 /* Project object */;
			proxyType = 1;
			remoteGlobalIDString = 3AFCCEF318B699F700A7FC29;
			remoteInfo = jumpCore;
		};
		3AFCCF4818B69C6300A7FC29 /* PBXContainerItemProxy */ = {
			isa = PBXContainerItemProxy;
			containerPortal = 3AFCCEB518B6970100A7FC29 /* Project object */;
			proxyType = 1;
			remoteGlobalIDString = 3AFCCF3618B69C6300A7FC29;
			remoteInfo = jumpDatabase;
		};
		3AFCCF8D18B6A07000A7FC29 /* PBXContainerItemProxy */ = {
			isa = PBXContainerItemProxy;
			containerPortal = 3AFCCEB518B6970100A7FC29 /* Project object */;
			proxyType = 1;
			remoteGlobalIDString = 3AFCCF7B18B6A06F00A7FC29;
			remoteInfo = jumpLogger;
		};
/* End PBXContainerItemProxy section */

/* Begin PBXCopyFilesBuildPhase section */
		3AFCCEF218B699F700A7FC29 /* CopyFiles */ = {
			isa = PBXCopyFilesBuildPhase;
			buildActionMask = 2147483647;
			dstPath = "include/$(PRODUCT_NAME)";
			dstSubfolderSpec = 16;
			files = (
			);
			runOnlyForDeploymentPostprocessing = 0;
		};
		3AFCCF3518B69C6300A7FC29 /* CopyFiles */ = {
			isa = PBXCopyFilesBuildPhase;
			buildActionMask = 2147483647;
			dstPath = "include/$(PRODUCT_NAME)";
			dstSubfolderSpec = 16;
			files = (
			);
			runOnlyForDeploymentPostprocessing = 0;
		};
		3AFCCF7A18B6A06F00A7FC29 /* CopyFiles */ = {
			isa = PBXCopyFilesBuildPhase;
			buildActionMask = 2147483647;
			dstPath = "include/$(PRODUCT_NAME)";
			dstSubfolderSpec = 16;
			files = (
			);
			runOnlyForDeploymentPostprocessing = 0;
		};
/* End PBXCopyFilesBuildPhase section */

/* Begin PBXFileReference section */
		3AFCCEF418B699F700A7FC29 /* libjumpCore.a */ = {isa = PBXFileReference; explicitFileType = archive.ar; includeInIndex = 0; path = libjumpCore.a; sourceTree = BUILT_PRODUCTS_DIR; };
		3AFCCEF518B699F700A7FC29 /* Foundation.framework */ = {isa = PBXFileReference; lastKnownFileType = wrapper.framework; name = Foundation.framework; path = System/Library/Frameworks/Foundation.framework; sourceTree = SDKROOT; };
		3AFCCF0218B699F700A7FC29 /* jumpCoreTests.xctest */ = {isa = PBXFileReference; explicitFileType = wrapper.cfbundle; includeInIndex = 0; path = jumpCoreTests.xctest; sourceTree = BUILT_PRODUCTS_DIR; };
		3AFCCF0318B699F700A7FC29 /* XCTest.framework */ = {isa = PBXFileReference; lastKnownFileType = wrapper.framework; name = XCTest.framework; path = Library/Frameworks/XCTest.framework; sourceTree = DEVELOPER_DIR; };
		3AFCCF2518B69B9500A7FC29 /* deps */ = {isa = PBXFileReference; fileEncoding = 4; lastKnownFileType = text; name = deps; path = core/deps; sourceTree = "<group>"; };
		3AFCCF2618B69B9500A7FC29 /* JPCGFunctions.h */ = {isa = PBXFileReference; fileEncoding = 4; lastKnownFileType = sourcecode.c.h; name = JPCGFunctions.h; path = core/JPCGFunctions.h; sourceTree = "<group>"; };
		3AFCCF2718B69B9500A7FC29 /* JPCore.h */ = {isa = PBXFileReference; fileEncoding = 4; lastKnownFileType = sourcecode.c.h; name = JPCore.h; path = core/JPCore.h; sourceTree = "<group>"; };
		3AFCCF2818B69B9500A7FC29 /* JPFunctions.h */ = {isa = PBXFileReference; fileEncoding = 4; lastKnownFileType = sourcecode.c.h; name = JPFunctions.h; path = core/JPFunctions.h; sourceTree = "<group>"; };
		3AFCCF2918B69B9500A7FC29 /* JPNSObjectsShortcuts.h */ = {isa = PBXFileReference; fileEncoding = 4; lastKnownFileType = sourcecode.c.h; name = JPNSObjectsShortcuts.h; path = core/JPNSObjectsShortcuts.h; sourceTree = "<group>"; };
		3AFCCF2A18B69B9500A7FC29 /* JPOperatorsShortcuts.h */ = {isa = PBXFileReference; fileEncoding = 4; lastKnownFileType = sourcecode.c.h; name = JPOperatorsShortcuts.h; path = core/JPOperatorsShortcuts.h; sourceTree = "<group>"; };
		3AFCCF2B18B69B9500A7FC29 /* JPPathFunctions.h */ = {isa = PBXFileReference; fileEncoding = 4; lastKnownFileType = sourcecode.c.h; name = JPPathFunctions.h; path = core/JPPathFunctions.h; sourceTree = "<group>"; };
		3AFCCF2C18B69B9500A7FC29 /* JPPathFunctions.m */ = {isa = PBXFileReference; fileEncoding = 4; lastKnownFileType = sourcecode.c.objc; name = JPPathFunctions.m; path = core/JPPathFunctions.m; sourceTree = "<group>"; };
		3AFCCF2D18B69B9500A7FC29 /* JPStringFunctions.h */ = {isa = PBXFileReference; fileEncoding = 4; lastKnownFileType = sourcecode.c.h; name = JPStringFunctions.h; path = core/JPStringFunctions.h; sourceTree = "<group>"; };
		3AFCCF2E18B69B9500A7FC29 /* JPSynthetizeSingleton.h */ = {isa = PBXFileReference; fileEncoding = 4; lastKnownFileType = sourcecode.c.h; name = JPSynthetizeSingleton.h; path = core/JPSynthetizeSingleton.h; sourceTree = "<group>"; };
		3AFCCF3218B69BAF00A7FC29 /* jump2_Prefix.pch */ = {isa = PBXFileReference; fileEncoding = 4; lastKnownFileType = sourcecode.c.h; path = jump2_Prefix.pch; sourceTree = "<group>"; };
		3AFCCF3718B69C6300A7FC29 /* libjumpDatabase.a */ = {isa = PBXFileReference; explicitFileType = archive.ar; includeInIndex = 0; path = libjumpDatabase.a; sourceTree = BUILT_PRODUCTS_DIR; };
		3AFCCF4418B69C6300A7FC29 /* jumpDatabaseTests.xctest */ = {isa = PBXFileReference; explicitFileType = wrapper.cfbundle; includeInIndex = 0; path = jumpDatabaseTests.xctest; sourceTree = BUILT_PRODUCTS_DIR; };
		3AFCCF5A18B69D7F00A7FC29 /* deps */ = {isa = PBXFileReference; fileEncoding = 4; lastKnownFileType = text; name = deps; path = database/deps; sourceTree = "<group>"; };
		3AFCCF5C18B69D9C00A7FC29 /* CoreData.framework */ = {isa = PBXFileReference; lastKnownFileType = wrapper.framework; name = CoreData.framework; path = System/Library/Frameworks/CoreData.framework; sourceTree = SDKROOT; };
		3AFCCF5E18B69DD600A7FC29 /* JPDBManager.h */ = {isa = PBXFileReference; fileEncoding = 4; lastKnownFileType = sourcecode.c.h; name = JPDBManager.h; path = database/JPDBManager.h; sourceTree = "<group>"; };
		3AFCCF5F18B69DD600A7FC29 /* JPDBManager.m */ = {isa = PBXFileReference; fileEncoding = 4; lastKnownFileType = sourcecode.c.objc; name = JPDBManager.m; path = database/JPDBManager.m; sourceTree = "<group>"; };
		3AFCCF6018B69DD600A7FC29 /* JPDBManagerAction.h */ = {isa = PBXFileReference; fileEncoding = 4; lastKnownFileType = sourcecode.c.h; name = JPDBManagerAction.h; path = database/JPDBManagerAction.h; sourceTree = "<group>"; };
		3AFCCF6118B69DD600A7FC29 /* JPDBManagerAction.m */ = {isa = PBXFileReference; fileEncoding = 4; lastKnownFileType = sourcecode.c.objc; name = JPDBManagerAction.m; path = database/JPDBManagerAction.m; sourceTree = "<group>"; };
		3AFCCF6218B69DD600A7FC29 /* JPDBManagerDefinitions.h */ = {isa = PBXFileReference; fileEncoding = 4; lastKnownFileType = sourcecode.c.h; name = JPDBManagerDefinitions.h; path = database/JPDBManagerDefinitions.h; sourceTree = "<group>"; };
		3AFCCF6318B69DD600A7FC29 /* JPDBManagerSingleton.h */ = {isa = PBXFileReference; fileEncoding = 4; lastKnownFileType = sourcecode.c.h; name = JPDBManagerSingleton.h; path = database/JPDBManagerSingleton.h; sourceTree = "<group>"; };
		3AFCCF6418B69DD600A7FC29 /* JPDBManagerSingleton.m */ = {isa = PBXFileReference; fileEncoding = 4; lastKnownFileType = sourcecode.c.objc; name = JPDBManagerSingleton.m; path = database/JPDBManagerSingleton.m; sourceTree = "<group>"; };
		3AFCCF6C18B69F6B00A7FC29 /* IAThreadSafeContext.h */ = {isa = PBXFileReference; fileEncoding = 4; lastKnownFileType = sourcecode.c.h; name = IAThreadSafeContext.h; path = database/IAThreadSafeContext.h; sourceTree = "<group>"; };
		3AFCCF6D18B69F6B00A7FC29 /* IAThreadSafeContext.m */ = {isa = PBXFileReference; fileEncoding = 4; lastKnownFileType = sourcecode.c.objc; name = IAThreadSafeContext.m; path = database/IAThreadSafeContext.m; sourceTree = "<group>"; };
		3AFCCF6E18B69F6B00A7FC29 /* IAThreadSafeManagedObject.h */ = {isa = PBXFileReference; fileEncoding = 4; lastKnownFileType = sourcecode.c.h; name = IAThreadSafeManagedObject.h; path = database/IAThreadSafeManagedObject.h; sourceTree = "<group>"; };
		3AFCCF6F18B69F6B00A7FC29 /* IAThreadSafeManagedObject.m */ = {isa = PBXFileReference; fileEncoding = 4; lastKnownFileType = sourcecode.c.objc; name = IAThreadSafeManagedObject.m; path = database/IAThreadSafeManagedObject.m; sourceTree = "<group>"; };
		3AFCCF7518B69FD300A7FC29 /* jump2.podspec */ = {isa = PBXFileReference; lastKnownFileType = text; name = jump2.podspec; path = ../jump2.podspec; sourceTree = "<group>"; };
		3AFCCF7C18B6A06F00A7FC29 /* libjumpLogger.a */ = {isa = PBXFileReference; explicitFileType = archive.ar; includeInIndex = 0; path = libjumpLogger.a; sourceTree = BUILT_PRODUCTS_DIR; };
		3AFCCF8918B6A06F00A7FC29 /* jumpLoggerTests.xctest */ = {isa = PBXFileReference; explicitFileType = wrapper.cfbundle; includeInIndex = 0; path = jumpLoggerTests.xctest; sourceTree = BUILT_PRODUCTS_DIR; };
		3AFCCF9E18B6A0BD00A7FC29 /* deps */ = {isa = PBXFileReference; fileEncoding = 4; lastKnownFileType = text; name = deps; path = logger/deps; sourceTree = "<group>"; };
		3AFCCF9F18B6A0F000A7FC29 /* SystemConfiguration.framework */ = {isa = PBXFileReference; lastKnownFileType = wrapper.framework; name = SystemConfiguration.framework; path = System/Library/Frameworks/SystemConfiguration.framework; sourceTree = SDKROOT; };
		3AFCCFA118B6A0FB00A7FC29 /* UIKit.framework */ = {isa = PBXFileReference; lastKnownFileType = wrapper.framework; name = UIKit.framework; path = System/Library/Frameworks/UIKit.framework; sourceTree = SDKROOT; };
		3AFCCFA318B6A10400A7FC29 /* CFNetwork.framework */ = {isa = PBXFileReference; lastKnownFileType = wrapper.framework; name = CFNetwork.framework; path = System/Library/Frameworks/CFNetwork.framework; sourceTree = SDKROOT; };
		3AFCCFA718B6A15B00A7FC29 /* JPLog4CocoaFactory.h */ = {isa = PBXFileReference; fileEncoding = 4; lastKnownFileType = sourcecode.c.h; name = JPLog4CocoaFactory.h; path = logger/JPLog4CocoaFactory.h; sourceTree = "<group>"; };
		3AFCCFA818B6A15B00A7FC29 /* JPLog4CocoaFactory.m */ = {isa = PBXFileReference; fileEncoding = 4; lastKnownFileType = sourcecode.c.objc; name = JPLog4CocoaFactory.m; path = logger/JPLog4CocoaFactory.m; sourceTree = "<group>"; };
		3AFCCFA918B6A15B00A7FC29 /* JPLog4CocoaLogger.h */ = {isa = PBXFileReference; fileEncoding = 4; lastKnownFileType = sourcecode.c.h; name = JPLog4CocoaLogger.h; path = logger/JPLog4CocoaLogger.h; sourceTree = "<group>"; };
		3AFCCFAA18B6A15B00A7FC29 /* JPLog4CocoaLogger.m */ = {isa = PBXFileReference; fileEncoding = 4; lastKnownFileType = sourcecode.c.objc; name = JPLog4CocoaLogger.m; path = logger/JPLog4CocoaLogger.m; sourceTree = "<group>"; };
		3AFCCFAB18B6A15B00A7FC29 /* JPLogger.h */ = {isa = PBXFileReference; fileEncoding = 4; lastKnownFileType = sourcecode.c.h; name = JPLogger.h; path = logger/JPLogger.h; sourceTree = "<group>"; };
		3AFCCFAC18B6A15B00A7FC29 /* JPLoggerAbstractFactory.h */ = {isa = PBXFileReference; fileEncoding = 4; lastKnownFileType = sourcecode.c.h; name = JPLoggerAbstractFactory.h; path = logger/JPLoggerAbstractFactory.h; sourceTree = "<group>"; };
		3AFCCFAD18B6A15B00A7FC29 /* JPLoggerAbstractFactory.m */ = {isa = PBXFileReference; fileEncoding = 4; lastKnownFileType = sourcecode.c.objc; name = JPLoggerAbstractFactory.m; path = logger/JPLoggerAbstractFactory.m; sourceTree = "<group>"; };
		3AFCCFAE18B6A15B00A7FC29 /* JPLoggerFactoryInterface.h */ = {isa = PBXFileReference; fileEncoding = 4; lastKnownFileType = sourcecode.c.h; name = JPLoggerFactoryInterface.h; path = logger/JPLoggerFactoryInterface.h; sourceTree = "<group>"; };
		3AFCCFAF18B6A15B00A7FC29 /* JPLoggerInterface.h */ = {isa = PBXFileReference; fileEncoding = 4; lastKnownFileType = sourcecode.c.h; name = JPLoggerInterface.h; path = logger/JPLoggerInterface.h; sourceTree = "<group>"; };
		3AFCCFB018B6A15B00A7FC29 /* JPLoggerMetadata.h */ = {isa = PBXFileReference; fileEncoding = 4; lastKnownFileType = sourcecode.c.h; name = JPLoggerMetadata.h; path = logger/JPLoggerMetadata.h; sourceTree = "<group>"; };
		3AFCCFB118B6A15B00A7FC29 /* JPLoggerMetadata.m */ = {isa = PBXFileReference; fileEncoding = 4; lastKnownFileType = sourcecode.c.objc; name = JPLoggerMetadata.m; path = logger/JPLoggerMetadata.m; sourceTree = "<group>"; };
		3AFCCFB218B6A15B00A7FC29 /* JPLoggerShortcuts.h */ = {isa = PBXFileReference; fileEncoding = 4; lastKnownFileType = sourcecode.c.h; name = JPLoggerShortcuts.h; path = logger/JPLoggerShortcuts.h; sourceTree = "<group>"; };
		3AFCCFB318B6A15B00A7FC29 /* JPLoggerShortcuts.m */ = {isa = PBXFileReference; fileEncoding = 4; lastKnownFileType = sourcecode.c.objc; name = JPLoggerShortcuts.m; path = logger/JPLoggerShortcuts.m; sourceTree = "<group>"; };
		3AFCCFB418B6A15B00A7FC29 /* JPLogNSLogLogger.h */ = {isa = PBXFileReference; fileEncoding = 4; lastKnownFileType = sourcecode.c.h; name = JPLogNSLogLogger.h; path = logger/JPLogNSLogLogger.h; sourceTree = "<group>"; };
		3AFCCFB518B6A15B00A7FC29 /* JPLogNSLogLogger.m */ = {isa = PBXFileReference; fileEncoding = 4; lastKnownFileType = sourcecode.c.objc; name = JPLogNSLogLogger.m; path = logger/JPLogNSLogLogger.m; sourceTree = "<group>"; };
		3AFCCFB618B6A15B00A7FC29 /* JPNSLogFactory.h */ = {isa = PBXFileReference; fileEncoding = 4; lastKnownFileType = sourcecode.c.h; name = JPNSLogFactory.h; path = logger/JPNSLogFactory.h; sourceTree = "<group>"; };
		3AFCCFB718B6A15B00A7FC29 /* JPNSLogFactory.m */ = {isa = PBXFileReference; fileEncoding = 4; lastKnownFileType = sourcecode.c.objc; name = JPNSLogFactory.m; path = logger/JPNSLogFactory.m; sourceTree = "<group>"; };
		3AFCCFB818B6A15B00A7FC29 /* JUMPLoggerConfig.h */ = {isa = PBXFileReference; fileEncoding = 4; lastKnownFileType = sourcecode.c.h; name = JUMPLoggerConfig.h; path = logger/JUMPLoggerConfig.h; sourceTree = "<group>"; };
		3AFCCFB918B6A15B00A7FC29 /* JUMPLoggerConfig.m */ = {isa = PBXFileReference; fileEncoding = 4; lastKnownFileType = sourcecode.c.objc; name = JUMPLoggerConfig.m; path = logger/JUMPLoggerConfig.m; sourceTree = "<group>"; };
		3AFCCFBA18B6A15B00A7FC29 /* L4NSLoggerAppender.h */ = {isa = PBXFileReference; fileEncoding = 4; lastKnownFileType = sourcecode.c.h; name = L4NSLoggerAppender.h; path = logger/L4NSLoggerAppender.h; sourceTree = "<group>"; };
		3AFCCFBB18B6A15B00A7FC29 /* L4NSLoggerAppender.m */ = {isa = PBXFileReference; fileEncoding = 4; lastKnownFileType = sourcecode.c.objc; name = L4NSLoggerAppender.m; path = logger/L4NSLoggerAppender.m; sourceTree = "<group>"; };
/* End PBXFileReference section */

/* Begin PBXFrameworksBuildPhase section */
		3AFCCEF118B699F700A7FC29 /* Frameworks */ = {
			isa = PBXFrameworksBuildPhase;
			buildActionMask = 2147483647;
			files = (
				3AFCCEF618B699F700A7FC29 /* Foundation.framework in Frameworks */,
			);
			runOnlyForDeploymentPostprocessing = 0;
		};
		3AFCCEFF18B699F700A7FC29 /* Frameworks */ = {
			isa = PBXFrameworksBuildPhase;
			buildActionMask = 2147483647;
			files = (
				3AFCCF0A18B699F700A7FC29 /* libjumpCore.a in Frameworks */,
				3AFCCF0418B699F700A7FC29 /* XCTest.framework in Frameworks */,
				3AFCCF0518B699F700A7FC29 /* Foundation.framework in Frameworks */,
			);
			runOnlyForDeploymentPostprocessing = 0;
		};
		3AFCCF3418B69C6300A7FC29 /* Frameworks */ = {
			isa = PBXFrameworksBuildPhase;
			buildActionMask = 2147483647;
			files = (
				3AFCCF5D18B69D9C00A7FC29 /* CoreData.framework in Frameworks */,
				3AFCCF3818B69C6300A7FC29 /* Foundation.framework in Frameworks */,
			);
			runOnlyForDeploymentPostprocessing = 0;
		};
		3AFCCF4118B69C6300A7FC29 /* Frameworks */ = {
			isa = PBXFrameworksBuildPhase;
			buildActionMask = 2147483647;
			files = (
				3AFCCF4A18B69C6300A7FC29 /* libjumpDatabase.a in Frameworks */,
				3AFCCF4518B69C6300A7FC29 /* XCTest.framework in Frameworks */,
				3AFCCF4618B69C6300A7FC29 /* Foundation.framework in Frameworks */,
			);
			runOnlyForDeploymentPostprocessing = 0;
		};
		3AFCCF7918B6A06F00A7FC29 /* Frameworks */ = {
			isa = PBXFrameworksBuildPhase;
			buildActionMask = 2147483647;
			files = (
				3AFCCFA418B6A10400A7FC29 /* CFNetwork.framework in Frameworks */,
				3AFCCFA218B6A0FB00A7FC29 /* UIKit.framework in Frameworks */,
				3AFCCFA018B6A0F000A7FC29 /* SystemConfiguration.framework in Frameworks */,
				3AFCCF7D18B6A06F00A7FC29 /* Foundation.framework in Frameworks */,
			);
			runOnlyForDeploymentPostprocessing = 0;
		};
		3AFCCF8618B6A06F00A7FC29 /* Frameworks */ = {
			isa = PBXFrameworksBuildPhase;
			buildActionMask = 2147483647;
			files = (
				3AFCCF8A18B6A07000A7FC29 /* XCTest.framework in Frameworks */,
				3AFCCF8F18B6A07000A7FC29 /* libjumpLogger.a in Frameworks */,
				3AFCCF8B18B6A07000A7FC29 /* Foundation.framework in Frameworks */,
			);
			runOnlyForDeploymentPostprocessing = 0;
		};
/* End PBXFrameworksBuildPhase section */

/* Begin PBXGroup section */
		3AFCCEB418B6970100A7FC29 = {
			isa = PBXGroup;
			children = (
				3AFCCEEC18B697FC00A7FC29 /* Configs */,
				3AFCCEE818B6976B00A7FC29 /* Core */,
				3AFCCEE918B6977000A7FC29 /* Database */,
				3AFCCF7718B6A05A00A7FC29 /* Logger */,
				3AFCCF1918B69A1E00A7FC29 /* Product */,
				3AFCCEEB18B697DE00A7FC29 /* Frameworks */,
			);
			sourceTree = "<group>";
		};
		3AFCCEE818B6976B00A7FC29 /* Core */ = {
			isa = PBXGroup;
			children = (
				3AFCCEEF18B699B400A7FC29 /* src */,
			);
			name = Core;
			sourceTree = "<group>";
		};
		3AFCCEE918B6977000A7FC29 /* Database */ = {
			isa = PBXGroup;
			children = (
				3AFCCFA518B6A12B00A7FC29 /* src */,
				3AFCCF5A18B69D7F00A7FC29 /* deps */,
			);
			name = Database;
			sourceTree = "<group>";
		};
		3AFCCEEB18B697DE00A7FC29 /* Frameworks */ = {
			isa = PBXGroup;
			children = (
				3AFCCFA318B6A10400A7FC29 /* CFNetwork.framework */,
				3AFCCFA118B6A0FB00A7FC29 /* UIKit.framework */,
				3AFCCF9F18B6A0F000A7FC29 /* SystemConfiguration.framework */,
				3AFCCF5C18B69D9C00A7FC29 /* CoreData.framework */,
				3AFCCEF518B699F700A7FC29 /* Foundation.framework */,
				3AFCCF0318B699F700A7FC29 /* XCTest.framework */,
			);
			name = Frameworks;
			sourceTree = "<group>";
		};
		3AFCCEEC18B697FC00A7FC29 /* Configs */ = {
			isa = PBXGroup;
			children = (
				3AFCCF7518B69FD300A7FC29 /* jump2.podspec */,
				3AFCCF3218B69BAF00A7FC29 /* jump2_Prefix.pch */,
			);
			name = Configs;
			sourceTree = "<group>";
		};
		3AFCCEEF18B699B400A7FC29 /* src */ = {
			isa = PBXGroup;
			children = (
				3AFCCF2518B69B9500A7FC29 /* deps */,
				3AFCCF2618B69B9500A7FC29 /* JPCGFunctions.h */,
				3AFCCF2718B69B9500A7FC29 /* JPCore.h */,
				3AFCCF2818B69B9500A7FC29 /* JPFunctions.h */,
				3AFCCF2918B69B9500A7FC29 /* JPNSObjectsShortcuts.h */,
				3AFCCF2A18B69B9500A7FC29 /* JPOperatorsShortcuts.h */,
				3AFCCF2B18B69B9500A7FC29 /* JPPathFunctions.h */,
				3AFCCF2C18B69B9500A7FC29 /* JPPathFunctions.m */,
				3AFCCF2D18B69B9500A7FC29 /* JPStringFunctions.h */,
				3AFCCF2E18B69B9500A7FC29 /* JPSynthetizeSingleton.h */,
			);
			name = src;
			sourceTree = "<group>";
		};
		3AFCCF1918B69A1E00A7FC29 /* Product */ = {
			isa = PBXGroup;
			children = (
				3AFCCF7C18B6A06F00A7FC29 /* libjumpLogger.a */,
				3AFCCF8918B6A06F00A7FC29 /* jumpLoggerTests.xctest */,
				3AFCCF3718B69C6300A7FC29 /* libjumpDatabase.a */,
				3AFCCF4418B69C6300A7FC29 /* jumpDatabaseTests.xctest */,
				3AFCCEF418B699F700A7FC29 /* libjumpCore.a */,
				3AFCCF0218B699F700A7FC29 /* jumpCoreTests.xctest */,
			);
			name = Product;
			sourceTree = "<group>";
		};
		3AFCCF6B18B69F6000A7FC29 /* Thread Safe */ = {
			isa = PBXGroup;
			children = (
				3AFCCF6C18B69F6B00A7FC29 /* IAThreadSafeContext.h */,
				3AFCCF6D18B69F6B00A7FC29 /* IAThreadSafeContext.m */,
				3AFCCF6E18B69F6B00A7FC29 /* IAThreadSafeManagedObject.h */,
				3AFCCF6F18B69F6B00A7FC29 /* IAThreadSafeManagedObject.m */,
			);
			name = "Thread Safe";
			sourceTree = "<group>";
		};
		3AFCCF7718B6A05A00A7FC29 /* Logger */ = {
			isa = PBXGroup;
			children = (
				3AFCCFA618B6A13600A7FC29 /* src */,
				3AFCCF9E18B6A0BD00A7FC29 /* deps */,
			);
			name = Logger;
			sourceTree = "<group>";
		};
		3AFCCFA518B6A12B00A7FC29 /* src */ = {
			isa = PBXGroup;
			children = (
				3AFCCF6B18B69F6000A7FC29 /* Thread Safe */,
				3AFCCF5E18B69DD600A7FC29 /* JPDBManager.h */,
				3AFCCF5F18B69DD600A7FC29 /* JPDBManager.m */,
				3AFCCF6018B69DD600A7FC29 /* JPDBManagerAction.h */,
				3AFCCF6118B69DD600A7FC29 /* JPDBManagerAction.m */,
				3AFCCF6218B69DD600A7FC29 /* JPDBManagerDefinitions.h */,
				3AFCCF6318B69DD600A7FC29 /* JPDBManagerSingleton.h */,
				3AFCCF6418B69DD600A7FC29 /* JPDBManagerSingleton.m */,
			);
			name = src;
			sourceTree = "<group>";
		};
		3AFCCFA618B6A13600A7FC29 /* src */ = {
			isa = PBXGroup;
			children = (
				3AFCCFA718B6A15B00A7FC29 /* JPLog4CocoaFactory.h */,
				3AFCCFA818B6A15B00A7FC29 /* JPLog4CocoaFactory.m */,
				3AFCCFA918B6A15B00A7FC29 /* JPLog4CocoaLogger.h */,
				3AFCCFAA18B6A15B00A7FC29 /* JPLog4CocoaLogger.m */,
				3AFCCFAB18B6A15B00A7FC29 /* JPLogger.h */,
				3AFCCFAC18B6A15B00A7FC29 /* JPLoggerAbstractFactory.h */,
				3AFCCFAD18B6A15B00A7FC29 /* JPLoggerAbstractFactory.m */,
				3AFCCFAE18B6A15B00A7FC29 /* JPLoggerFactoryInterface.h */,
				3AFCCFAF18B6A15B00A7FC29 /* JPLoggerInterface.h */,
				3AFCCFB018B6A15B00A7FC29 /* JPLoggerMetadata.h */,
				3AFCCFB118B6A15B00A7FC29 /* JPLoggerMetadata.m */,
				3AFCCFB218B6A15B00A7FC29 /* JPLoggerShortcuts.h */,
				3AFCCFB318B6A15B00A7FC29 /* JPLoggerShortcuts.m */,
				3AFCCFB418B6A15B00A7FC29 /* JPLogNSLogLogger.h */,
				3AFCCFB518B6A15B00A7FC29 /* JPLogNSLogLogger.m */,
				3AFCCFB618B6A15B00A7FC29 /* JPNSLogFactory.h */,
				3AFCCFB718B6A15B00A7FC29 /* JPNSLogFactory.m */,
				3AFCCFB818B6A15B00A7FC29 /* JUMPLoggerConfig.h */,
				3AFCCFB918B6A15B00A7FC29 /* JUMPLoggerConfig.m */,
				3AFCCFBA18B6A15B00A7FC29 /* L4NSLoggerAppender.h */,
				3AFCCFBB18B6A15B00A7FC29 /* L4NSLoggerAppender.m */,
			);
			name = src;
			sourceTree = "<group>";
		};
/* End PBXGroup section */

/* Begin PBXNativeTarget section */
		3AFCCEF318B699F700A7FC29 /* jumpCore */ = {
			isa = PBXNativeTarget;
			buildConfigurationList = 3AFCCF1318B699F700A7FC29 /* Build configuration list for PBXNativeTarget "jumpCore" */;
			buildPhases = (
				3AFCCEF018B699F700A7FC29 /* Sources */,
				3AFCCEF118B699F700A7FC29 /* Frameworks */,
				3AFCCEF218B699F700A7FC29 /* CopyFiles */,
			);
			buildRules = (
			);
			dependencies = (
			);
			name = jumpCore;
			productName = jumpCore;
			productReference = 3AFCCEF418B699F700A7FC29 /* libjumpCore.a */;
			productType = "com.apple.product-type.library.static";
		};
		3AFCCF0118B699F700A7FC29 /* jumpCoreTests */ = {
			isa = PBXNativeTarget;
			buildConfigurationList = 3AFCCF1618B699F700A7FC29 /* Build configuration list for PBXNativeTarget "jumpCoreTests" */;
			buildPhases = (
				3AFCCEFE18B699F700A7FC29 /* Sources */,
				3AFCCEFF18B699F700A7FC29 /* Frameworks */,
				3AFCCF0018B699F700A7FC29 /* Resources */,
			);
			buildRules = (
			);
			dependencies = (
				3AFCCF0918B699F700A7FC29 /* PBXTargetDependency */,
			);
			name = jumpCoreTests;
			productName = jumpCoreTests;
			productReference = 3AFCCF0218B699F700A7FC29 /* jumpCoreTests.xctest */;
			productType = "com.apple.product-type.bundle.unit-test";
		};
		3AFCCF3618B69C6300A7FC29 /* jumpDatabase */ = {
			isa = PBXNativeTarget;
			buildConfigurationList = 3AFCCF5318B69C6300A7FC29 /* Build configuration list for PBXNativeTarget "jumpDatabase" */;
			buildPhases = (
				3AFCCF3318B69C6300A7FC29 /* Sources */,
				3AFCCF3418B69C6300A7FC29 /* Frameworks */,
				3AFCCF3518B69C6300A7FC29 /* CopyFiles */,
			);
			buildRules = (
			);
			dependencies = (
			);
			name = jumpDatabase;
			productName = jumpDatabase;
			productReference = 3AFCCF3718B69C6300A7FC29 /* libjumpDatabase.a */;
			productType = "com.apple.product-type.library.static";
		};
		3AFCCF4318B69C6300A7FC29 /* jumpDatabaseTests */ = {
			isa = PBXNativeTarget;
			buildConfigurationList = 3AFCCF5618B69C6300A7FC29 /* Build configuration list for PBXNativeTarget "jumpDatabaseTests" */;
			buildPhases = (
				3AFCCF4018B69C6300A7FC29 /* Sources */,
				3AFCCF4118B69C6300A7FC29 /* Frameworks */,
				3AFCCF4218B69C6300A7FC29 /* Resources */,
			);
			buildRules = (
			);
			dependencies = (
				3AFCCF4918B69C6300A7FC29 /* PBXTargetDependency */,
			);
			name = jumpDatabaseTests;
			productName = jumpDatabaseTests;
			productReference = 3AFCCF4418B69C6300A7FC29 /* jumpDatabaseTests.xctest */;
			productType = "com.apple.product-type.bundle.unit-test";
		};
		3AFCCF7B18B6A06F00A7FC29 /* jumpLogger */ = {
			isa = PBXNativeTarget;
			buildConfigurationList = 3AFCCF9818B6A07000A7FC29 /* Build configuration list for PBXNativeTarget "jumpLogger" */;
			buildPhases = (
				3AFCCF7818B6A06F00A7FC29 /* Sources */,
				3AFCCF7918B6A06F00A7FC29 /* Frameworks */,
				3AFCCF7A18B6A06F00A7FC29 /* CopyFiles */,
			);
			buildRules = (
			);
			dependencies = (
			);
			name = jumpLogger;
			productName = jumpLogger;
			productReference = 3AFCCF7C18B6A06F00A7FC29 /* libjumpLogger.a */;
			productType = "com.apple.product-type.library.static";
		};
		3AFCCF8818B6A06F00A7FC29 /* jumpLoggerTests */ = {
			isa = PBXNativeTarget;
			buildConfigurationList = 3AFCCF9B18B6A07000A7FC29 /* Build configuration list for PBXNativeTarget "jumpLoggerTests" */;
			buildPhases = (
				3AFCCF8518B6A06F00A7FC29 /* Sources */,
				3AFCCF8618B6A06F00A7FC29 /* Frameworks */,
				3AFCCF8718B6A06F00A7FC29 /* Resources */,
			);
			buildRules = (
			);
			dependencies = (
				3AFCCF8E18B6A07000A7FC29 /* PBXTargetDependency */,
			);
			name = jumpLoggerTests;
			productName = jumpLoggerTests;
			productReference = 3AFCCF8918B6A06F00A7FC29 /* jumpLoggerTests.xctest */;
			productType = "com.apple.product-type.bundle.unit-test";
		};
/* End PBXNativeTarget section */

/* Begin PBXProject section */
		3AFCCEB518B6970100A7FC29 /* Project object */ = {
			isa = PBXProject;
			attributes = {
				LastUpgradeCheck = 0500;
				ORGANIZATIONNAME = seqoy.org;
			};
			buildConfigurationList = 3AFCCEB818B6970100A7FC29 /* Build configuration list for PBXProject "jump2" */;
			compatibilityVersion = "Xcode 3.2";
			developmentRegion = English;
			hasScannedForEncodings = 0;
			knownRegions = (
				en,
			);
			mainGroup = 3AFCCEB418B6970100A7FC29;
			productRefGroup = 3AFCCEB418B6970100A7FC29;
			projectDirPath = "";
			projectRoot = "";
			targets = (
				3AFCCEF318B699F700A7FC29 /* jumpCore */,
				3AFCCF0118B699F700A7FC29 /* jumpCoreTests */,
				3AFCCF3618B69C6300A7FC29 /* jumpDatabase */,
				3AFCCF4318B69C6300A7FC29 /* jumpDatabaseTests */,
				3AFCCF7B18B6A06F00A7FC29 /* jumpLogger */,
				3AFCCF8818B6A06F00A7FC29 /* jumpLoggerTests */,
			);
		};
/* End PBXProject section */

/* Begin PBXResourcesBuildPhase section */
		3AFCCF0018B699F700A7FC29 /* Resources */ = {
			isa = PBXResourcesBuildPhase;
			buildActionMask = 2147483647;
			files = (
				3AFCCF2F18B69B9500A7FC29 /* deps in Resources */,
			);
			runOnlyForDeploymentPostprocessing = 0;
		};
		3AFCCF4218B69C6300A7FC29 /* Resources */ = {
			isa = PBXResourcesBuildPhase;
			buildActionMask = 2147483647;
			files = (
				3AFCCF5B18B69D7F00A7FC29 /* deps in Resources */,
			);
			runOnlyForDeploymentPostprocessing = 0;
		};
		3AFCCF8718B6A06F00A7FC29 /* Resources */ = {
			isa = PBXResourcesBuildPhase;
			buildActionMask = 2147483647;
			files = (
			);
			runOnlyForDeploymentPostprocessing = 0;
		};
/* End PBXResourcesBuildPhase section */

/* Begin PBXSourcesBuildPhase section */
		3AFCCEF018B699F700A7FC29 /* Sources */ = {
			isa = PBXSourcesBuildPhase;
			buildActionMask = 2147483647;
			files = (
				3AFCCF3018B69B9500A7FC29 /* JPPathFunctions.m in Sources */,
			);
			runOnlyForDeploymentPostprocessing = 0;
		};
		3AFCCEFE18B699F700A7FC29 /* Sources */ = {
			isa = PBXSourcesBuildPhase;
			buildActionMask = 2147483647;
			files = (
				3AFCCF3118B69B9500A7FC29 /* JPPathFunctions.m in Sources */,
			);
			runOnlyForDeploymentPostprocessing = 0;
		};
		3AFCCF3318B69C6300A7FC29 /* Sources */ = {
			isa = PBXSourcesBuildPhase;
			buildActionMask = 2147483647;
			files = (
				3AFCCF6518B69DD600A7FC29 /* JPDBManager.m in Sources */,
				3AFCCF6918B69DD600A7FC29 /* JPDBManagerSingleton.m in Sources */,
				3AFCCF7018B69F6B00A7FC29 /* IAThreadSafeContext.m in Sources */,
				3AFCCF6718B69DD600A7FC29 /* JPDBManagerAction.m in Sources */,
				3AFCCF7218B69F6B00A7FC29 /* IAThreadSafeManagedObject.m in Sources */,
			);
			runOnlyForDeploymentPostprocessing = 0;
		};
		3AFCCF4018B69C6300A7FC29 /* Sources */ = {
			isa = PBXSourcesBuildPhase;
			buildActionMask = 2147483647;
			files = (
				3AFCCF6618B69DD600A7FC29 /* JPDBManager.m in Sources */,
				3AFCCF6A18B69DD600A7FC29 /* JPDBManagerSingleton.m in Sources */,
				3AFCCF7118B69F6B00A7FC29 /* IAThreadSafeContext.m in Sources */,
				3AFCCF6818B69DD600A7FC29 /* JPDBManagerAction.m in Sources */,
				3AFCCF7318B69F6B00A7FC29 /* IAThreadSafeManagedObject.m in Sources */,
			);
			runOnlyForDeploymentPostprocessing = 0;
		};
		3AFCCF7818B6A06F00A7FC29 /* Sources */ = {
			isa = PBXSourcesBuildPhase;
			buildActionMask = 2147483647;
			files = (
				3AFCCFC618B6A15B00A7FC29 /* JPLogNSLogLogger.m in Sources */,
				3AFCCFCC18B6A15B00A7FC29 /* L4NSLoggerAppender.m in Sources */,
				3AFCCFC218B6A15B00A7FC29 /* JPLoggerMetadata.m in Sources */,
				3AFCCFC418B6A15B00A7FC29 /* JPLoggerShortcuts.m in Sources */,
				3AFCCFBC18B6A15B00A7FC29 /* JPLog4CocoaFactory.m in Sources */,
				3AFCCFC818B6A15B00A7FC29 /* JPNSLogFactory.m in Sources */,
				3AFCCFBE18B6A15B00A7FC29 /* JPLog4CocoaLogger.m in Sources */,
				3AFCCFC018B6A15B00A7FC29 /* JPLoggerAbstractFactory.m in Sources */,
				3AFCCFCA18B6A15B00A7FC29 /* JUMPLoggerConfig.m in Sources */,
			);
			runOnlyForDeploymentPostprocessing = 0;
		};
		3AFCCF8518B6A06F00A7FC29 /* Sources */ = {
			isa = PBXSourcesBuildPhase;
			buildActionMask = 2147483647;
			files = (
				3AFCCFC718B6A15B00A7FC29 /* JPLogNSLogLogger.m in Sources */,
				3AFCCFCD18B6A15B00A7FC29 /* L4NSLoggerAppender.m in Sources */,
				3AFCCFC318B6A15B00A7FC29 /* JPLoggerMetadata.m in Sources */,
				3AFCCFC518B6A15B00A7FC29 /* JPLoggerShortcuts.m in Sources */,
				3AFCCFBD18B6A15B00A7FC29 /* JPLog4CocoaFactory.m in Sources */,
				3AFCCFC918B6A15B00A7FC29 /* JPNSLogFactory.m in Sources */,
				3AFCCFBF18B6A15B00A7FC29 /* JPLog4CocoaLogger.m in Sources */,
				3AFCCFC118B6A15B00A7FC29 /* JPLoggerAbstractFactory.m in Sources */,
				3AFCCFCB18B6A15B00A7FC29 /* JUMPLoggerConfig.m in Sources */,
			);
			runOnlyForDeploymentPostprocessing = 0;
		};
/* End PBXSourcesBuildPhase section */

/* Begin PBXTargetDependency section */
		3AFCCF0918B699F700A7FC29 /* PBXTargetDependency */ = {
			isa = PBXTargetDependency;
			target = 3AFCCEF318B699F700A7FC29 /* jumpCore */;
			targetProxy = 3AFCCF0818B699F700A7FC29 /* PBXContainerItemProxy */;
		};
		3AFCCF4918B69C6300A7FC29 /* PBXTargetDependency */ = {
			isa = PBXTargetDependency;
			target = 3AFCCF3618B69C6300A7FC29 /* jumpDatabase */;
			targetProxy = 3AFCCF4818B69C6300A7FC29 /* PBXContainerItemProxy */;
		};
		3AFCCF8E18B6A07000A7FC29 /* PBXTargetDependency */ = {
			isa = PBXTargetDependency;
			target = 3AFCCF7B18B6A06F00A7FC29 /* jumpLogger */;
			targetProxy = 3AFCCF8D18B6A07000A7FC29 /* PBXContainerItemProxy */;
		};
/* End PBXTargetDependency section */

/* Begin XCBuildConfiguration section */
		3AFCCEDE18B6970200A7FC29 /* Debug */ = {
			isa = XCBuildConfiguration;
			buildSettings = {
				ALWAYS_SEARCH_USER_PATHS = NO;
				ARCHS = "$(ARCHS_STANDARD_INCLUDING_64_BIT)";
				CLANG_CXX_LANGUAGE_STANDARD = "gnu++0x";
				CLANG_CXX_LIBRARY = "libc++";
				CLANG_ENABLE_MODULES = YES;
				CLANG_ENABLE_OBJC_ARC = YES;
				CLANG_WARN_BOOL_CONVERSION = YES;
				CLANG_WARN_CONSTANT_CONVERSION = YES;
				CLANG_WARN_DIRECT_OBJC_ISA_USAGE = YES_ERROR;
				CLANG_WARN_EMPTY_BODY = YES;
				CLANG_WARN_ENUM_CONVERSION = YES;
				CLANG_WARN_INT_CONVERSION = YES;
				CLANG_WARN_OBJC_ROOT_CLASS = YES_ERROR;
				CLANG_WARN__DUPLICATE_METHOD_MATCH = YES;
				COPY_PHASE_STRIP = NO;
				GCC_C_LANGUAGE_STANDARD = gnu99;
				GCC_DYNAMIC_NO_PIC = NO;
				GCC_OPTIMIZATION_LEVEL = 0;
				GCC_PREPROCESSOR_DEFINITIONS = (
					"DEBUG=1",
					"$(inherited)",
				);
				GCC_SYMBOLS_PRIVATE_EXTERN = NO;
				GCC_WARN_64_TO_32_BIT_CONVERSION = YES;
				GCC_WARN_ABOUT_RETURN_TYPE = YES_ERROR;
				GCC_WARN_UNDECLARED_SELECTOR = YES;
				GCC_WARN_UNINITIALIZED_AUTOS = YES;
				GCC_WARN_UNUSED_FUNCTION = YES;
				GCC_WARN_UNUSED_VARIABLE = YES;
				IPHONEOS_DEPLOYMENT_TARGET = 7.0;
				ONLY_ACTIVE_ARCH = YES;
				SDKROOT = iphoneos;
			};
			name = Debug;
		};
		3AFCCEDF18B6970200A7FC29 /* Release */ = {
			isa = XCBuildConfiguration;
			buildSettings = {
				ALWAYS_SEARCH_USER_PATHS = NO;
				ARCHS = "$(ARCHS_STANDARD_INCLUDING_64_BIT)";
				CLANG_CXX_LANGUAGE_STANDARD = "gnu++0x";
				CLANG_CXX_LIBRARY = "libc++";
				CLANG_ENABLE_MODULES = YES;
				CLANG_ENABLE_OBJC_ARC = YES;
				CLANG_WARN_BOOL_CONVERSION = YES;
				CLANG_WARN_CONSTANT_CONVERSION = YES;
				CLANG_WARN_DIRECT_OBJC_ISA_USAGE = YES_ERROR;
				CLANG_WARN_EMPTY_BODY = YES;
				CLANG_WARN_ENUM_CONVERSION = YES;
				CLANG_WARN_INT_CONVERSION = YES;
				CLANG_WARN_OBJC_ROOT_CLASS = YES_ERROR;
				CLANG_WARN__DUPLICATE_METHOD_MATCH = YES;
				COPY_PHASE_STRIP = YES;
				ENABLE_NS_ASSERTIONS = NO;
				GCC_C_LANGUAGE_STANDARD = gnu99;
				GCC_WARN_64_TO_32_BIT_CONVERSION = YES;
				GCC_WARN_ABOUT_RETURN_TYPE = YES_ERROR;
				GCC_WARN_UNDECLARED_SELECTOR = YES;
				GCC_WARN_UNINITIALIZED_AUTOS = YES;
				GCC_WARN_UNUSED_FUNCTION = YES;
				GCC_WARN_UNUSED_VARIABLE = YES;
				IPHONEOS_DEPLOYMENT_TARGET = 7.0;
				SDKROOT = iphoneos;
				VALIDATE_PRODUCT = YES;
			};
			name = Release;
		};
		3AFCCF1418B699F700A7FC29 /* Debug */ = {
			isa = XCBuildConfiguration;
			buildSettings = {
				ARCHS = "$(ARCHS_STANDARD_INCLUDING_64_BIT)";
				DSTROOT = /tmp/jumpCore.dst;
				GCC_PRECOMPILE_PREFIX_HEADER = YES;
				GCC_PREFIX_HEADER = jump2_Prefix.pch;
				GCC_PREPROCESSOR_DEFINITIONS = (
					"DEBUG=1",
					"$(inherited)",
				);
				OTHER_LDFLAGS = "-ObjC";
				PRODUCT_NAME = "$(TARGET_NAME)";
				SKIP_INSTALL = YES;
			};
			name = Debug;
		};
		3AFCCF1518B699F700A7FC29 /* Release */ = {
			isa = XCBuildConfiguration;
			buildSettings = {
				ARCHS = "$(ARCHS_STANDARD_INCLUDING_64_BIT)";
				DSTROOT = /tmp/jumpCore.dst;
				GCC_PRECOMPILE_PREFIX_HEADER = YES;
				GCC_PREFIX_HEADER = jump2_Prefix.pch;
				OTHER_LDFLAGS = "-ObjC";
				PRODUCT_NAME = "$(TARGET_NAME)";
				SKIP_INSTALL = YES;
			};
			name = Release;
		};
		3AFCCF1718B699F700A7FC29 /* Debug */ = {
			isa = XCBuildConfiguration;
			buildSettings = {
				ARCHS = "$(ARCHS_STANDARD_INCLUDING_64_BIT)";
				FRAMEWORK_SEARCH_PATHS = (
					"$(SDKROOT)/Developer/Library/Frameworks",
					"$(inherited)",
					"$(DEVELOPER_FRAMEWORKS_DIR)",
				);
				GCC_PRECOMPILE_PREFIX_HEADER = YES;
				GCC_PREFIX_HEADER = "jumpCore/jumpCore-Prefix.pch";
				GCC_PREPROCESSOR_DEFINITIONS = (
					"DEBUG=1",
					"$(inherited)",
				);
				INFOPLIST_FILE = "jumpCoreTests/jumpCoreTests-Info.plist";
				PRODUCT_NAME = "$(TARGET_NAME)";
				WRAPPER_EXTENSION = xctest;
			};
			name = Debug;
		};
		3AFCCF1818B699F700A7FC29 /* Release */ = {
			isa = XCBuildConfiguration;
			buildSettings = {
				ARCHS = "$(ARCHS_STANDARD_INCLUDING_64_BIT)";
				FRAMEWORK_SEARCH_PATHS = (
					"$(SDKROOT)/Developer/Library/Frameworks",
					"$(inherited)",
					"$(DEVELOPER_FRAMEWORKS_DIR)",
				);
				GCC_PRECOMPILE_PREFIX_HEADER = YES;
				GCC_PREFIX_HEADER = "jumpCore/jumpCore-Prefix.pch";
				INFOPLIST_FILE = "jumpCoreTests/jumpCoreTests-Info.plist";
				PRODUCT_NAME = "$(TARGET_NAME)";
				WRAPPER_EXTENSION = xctest;
			};
			name = Release;
		};
		3AFCCF5418B69C6300A7FC29 /* Debug */ = {
			isa = XCBuildConfiguration;
			buildSettings = {
				ARCHS = "$(ARCHS_STANDARD_INCLUDING_64_BIT)";
				DSTROOT = /tmp/jumpDatabase.dst;
				GCC_PRECOMPILE_PREFIX_HEADER = YES;
				GCC_PREFIX_HEADER = jump2_Prefix.pch;
				GCC_PREPROCESSOR_DEFINITIONS = (
					"DEBUG=1",
					"$(inherited)",
				);
				OTHER_LDFLAGS = "-ObjC";
				PRODUCT_NAME = "$(TARGET_NAME)";
				SKIP_INSTALL = YES;
			};
			name = Debug;
		};
		3AFCCF5518B69C6300A7FC29 /* Release */ = {
			isa = XCBuildConfiguration;
			buildSettings = {
				ARCHS = "$(ARCHS_STANDARD_INCLUDING_64_BIT)";
				DSTROOT = /tmp/jumpDatabase.dst;
				GCC_PRECOMPILE_PREFIX_HEADER = YES;
				GCC_PREFIX_HEADER = jump2_Prefix.pch;
				OTHER_LDFLAGS = "-ObjC";
				PRODUCT_NAME = "$(TARGET_NAME)";
				SKIP_INSTALL = YES;
			};
			name = Release;
		};
		3AFCCF5718B69C6300A7FC29 /* Debug */ = {
			isa = XCBuildConfiguration;
			buildSettings = {
				ARCHS = "$(ARCHS_STANDARD_INCLUDING_64_BIT)";
				FRAMEWORK_SEARCH_PATHS = (
					"$(SDKROOT)/Developer/Library/Frameworks",
					"$(inherited)",
					"$(DEVELOPER_FRAMEWORKS_DIR)",
				);
				GCC_PRECOMPILE_PREFIX_HEADER = YES;
				GCC_PREFIX_HEADER = "jumpDatabase/jumpDatabase-Prefix.pch";
				GCC_PREPROCESSOR_DEFINITIONS = (
					"DEBUG=1",
					"$(inherited)",
				);
				INFOPLIST_FILE = "jumpDatabaseTests/jumpDatabaseTests-Info.plist";
				PRODUCT_NAME = "$(TARGET_NAME)";
				WRAPPER_EXTENSION = xctest;
			};
			name = Debug;
		};
		3AFCCF5818B69C6300A7FC29 /* Release */ = {
			isa = XCBuildConfiguration;
			buildSettings = {
				ARCHS = "$(ARCHS_STANDARD_INCLUDING_64_BIT)";
				FRAMEWORK_SEARCH_PATHS = (
					"$(SDKROOT)/Developer/Library/Frameworks",
					"$(inherited)",
					"$(DEVELOPER_FRAMEWORKS_DIR)",
				);
				GCC_PRECOMPILE_PREFIX_HEADER = YES;
				GCC_PREFIX_HEADER = "jumpDatabase/jumpDatabase-Prefix.pch";
				INFOPLIST_FILE = "jumpDatabaseTests/jumpDatabaseTests-Info.plist";
				PRODUCT_NAME = "$(TARGET_NAME)";
				WRAPPER_EXTENSION = xctest;
			};
			name = Release;
		};
		3AFCCF9918B6A07000A7FC29 /* Debug */ = {
			isa = XCBuildConfiguration;
			buildSettings = {
				ARCHS = "$(ARCHS_STANDARD_INCLUDING_64_BIT)";
				DSTROOT = /tmp/jumpLogger.dst;
				GCC_PRECOMPILE_PREFIX_HEADER = YES;
				GCC_PREFIX_HEADER = jump2_Prefix.pch;
				GCC_PREPROCESSOR_DEFINITIONS = (
					"DEBUG=1",
					"$(inherited)",
				);
				OTHER_LDFLAGS = "-ObjC";
				PRODUCT_NAME = "$(TARGET_NAME)";
				SKIP_INSTALL = YES;
			};
			name = Debug;
		};
		3AFCCF9A18B6A07000A7FC29 /* Release */ = {
			isa = XCBuildConfiguration;
			buildSettings = {
				ARCHS = "$(ARCHS_STANDARD_INCLUDING_64_BIT)";
				DSTROOT = /tmp/jumpLogger.dst;
				GCC_PRECOMPILE_PREFIX_HEADER = YES;
				GCC_PREFIX_HEADER = jump2_Prefix.pch;
				OTHER_LDFLAGS = "-ObjC";
				PRODUCT_NAME = "$(TARGET_NAME)";
				SKIP_INSTALL = YES;
			};
			name = Release;
		};
		3AFCCF9C18B6A07000A7FC29 /* Debug */ = {
			isa = XCBuildConfiguration;
			buildSettings = {
				ARCHS = "$(ARCHS_STANDARD_INCLUDING_64_BIT)";
				FRAMEWORK_SEARCH_PATHS = (
					"$(SDKROOT)/Developer/Library/Frameworks",
					"$(inherited)",
					"$(DEVELOPER_FRAMEWORKS_DIR)",
				);
				GCC_PRECOMPILE_PREFIX_HEADER = YES;
				GCC_PREFIX_HEADER = "jumpLogger/jumpLogger-Prefix.pch";
				GCC_PREPROCESSOR_DEFINITIONS = (
					"DEBUG=1",
					"$(inherited)",
				);
				INFOPLIST_FILE = "jumpLoggerTests/jumpLoggerTests-Info.plist";
				PRODUCT_NAME = "$(TARGET_NAME)";
				WRAPPER_EXTENSION = xctest;
			};
			name = Debug;
		};
		3AFCCF9D18B6A07000A7FC29 /* Release */ = {
			isa = XCBuildConfiguration;
			buildSettings = {
				ARCHS = "$(ARCHS_STANDARD_INCLUDING_64_BIT)";
				FRAMEWORK_SEARCH_PATHS = (
					"$(SDKROOT)/Developer/Library/Frameworks",
					"$(inherited)",
					"$(DEVELOPER_FRAMEWORKS_DIR)",
				);
				GCC_PRECOMPILE_PREFIX_HEADER = YES;
				GCC_PREFIX_HEADER = "jumpLogger/jumpLogger-Prefix.pch";
				INFOPLIST_FILE = "jumpLoggerTests/jumpLoggerTests-Info.plist";
				PRODUCT_NAME = "$(TARGET_NAME)";
				WRAPPER_EXTENSION = xctest;
			};
			name = Release;
		};
/* End XCBuildConfiguration section */

/* Begin XCConfigurationList section */
		3AFCCEB818B6970100A7FC29 /* Build configuration list for PBXProject "jump2" */ = {
			isa = XCConfigurationList;
			buildConfigurations = (
				3AFCCEDE18B6970200A7FC29 /* Debug */,
				3AFCCEDF18B6970200A7FC29 /* Release */,
			);
			defaultConfigurationIsVisible = 0;
			defaultConfigurationName = Release;
		};
		3AFCCF1318B699F700A7FC29 /* Build configuration list for PBXNativeTarget "jumpCore" */ = {
			isa = XCConfigurationList;
			buildConfigurations = (
				3AFCCF1418B699F700A7FC29 /* Debug */,
				3AFCCF1518B699F700A7FC29 /* Release */,
			);
			defaultConfigurationIsVisible = 0;
			defaultConfigurationName = Release;
		};
		3AFCCF1618B699F700A7FC29 /* Build configuration list for PBXNativeTarget "jumpCoreTests" */ = {
			isa = XCConfigurationList;
			buildConfigurations = (
				3AFCCF1718B699F700A7FC29 /* Debug */,
				3AFCCF1818B699F700A7FC29 /* Release */,
			);
			defaultConfigurationIsVisible = 0;
			defaultConfigurationName = Release;
		};
		3AFCCF5318B69C6300A7FC29 /* Build configuration list for PBXNativeTarget "jumpDatabase" */ = {
			isa = XCConfigurationList;
			buildConfigurations = (
				3AFCCF5418B69C6300A7FC29 /* Debug */,
				3AFCCF5518B69C6300A7FC29 /* Release */,
			);
			defaultConfigurationIsVisible = 0;
		};
		3AFCCF5618B69C6300A7FC29 /* Build configuration list for PBXNativeTarget "jumpDatabaseTests" */ = {
			isa = XCConfigurationList;
			buildConfigurations = (
				3AFCCF5718B69C6300A7FC29 /* Debug */,
				3AFCCF5818B69C6300A7FC29 /* Release */,
			);
			defaultConfigurationIsVisible = 0;
		};
		3AFCCF9818B6A07000A7FC29 /* Build configuration list for PBXNativeTarget "jumpLogger" */ = {
			isa = XCConfigurationList;
			buildConfigurations = (
				3AFCCF9918B6A07000A7FC29 /* Debug */,
				3AFCCF9A18B6A07000A7FC29 /* Release */,
			);
			defaultConfigurationIsVisible = 0;
		};
		3AFCCF9B18B6A07000A7FC29 /* Build configuration list for PBXNativeTarget "jumpLoggerTests" */ = {
			isa = XCConfigurationList;
			buildConfigurations = (
				3AFCCF9C18B6A07000A7FC29 /* Debug */,
				3AFCCF9D18B6A07000A7FC29 /* Release */,
			);
			defaultConfigurationIsVisible = 0;
		};
/* End XCConfigurationList section */
	};
	rootObject = 3AFCCEB518B6970100A7FC29 /* Project object */;
}
